
Microsoft Visual Studio Solution File, Format Version 12.00
# Visual Studio Version 17
VisualStudioVersion = 17.3.32929.385
MinimumVisualStudioVersion = 10.0.40219.1
Project("{FAE04EC0-301F-11D3-BF4B-00C04F79EFBC}") = "Workout Videos for Tiffany", "Workout Videos for Tiffany.csproj", "{E963571F-A6F0-418A-B35C-52CC35C30338}"
EndProject
Global
	GlobalSection(SolutionConfigurationPlatforms) = preSolution
		Debug|Any CPU = Debug|Any CPU
		Release|Any CPU = Release|Any CPU
	EndGlobalSection
	GlobalSection(ProjectConfigurationPlatforms) = postSolution
		{E963571F-A6F0-418A-B35C-52CC35C30338}.Debug|Any CPU.ActiveCfg = Debug|Any CPU
		{E963571F-A6F0-418A-B35C-52CC35C30338}.Debug|Any CPU.Build.0 = Debug|Any CPU
		{E963571F-A6F0-418A-B35C-52CC35C30338}.Release|Any CPU.ActiveCfg = Release|Any CPU
		{E963571F-A6F0-418A-B35C-52CC35C30338}.Release|Any CPU.Build.0 = Release|Any CPU
	EndGlobalSection
	GlobalSection(SolutionProperties) = preSolution
		HideSolutionNode = FALSE
	EndGlobalSection
	GlobalSection(ExtensibilityGlobals) = postSolution
		SolutionGuid = {A1349F9E-066C-4384-8614-6C9D4DA0308F}
	EndGlobalSection
EndGlobal
